
Microsoft Visual Studio Solution File, Format Version 12.00
# Visual Studio 15
VisualStudioVersion = 15.0.28307.271
MinimumVisualStudioVersion = 10.0.40219.1
Project("{FAE04EC0-301F-11D3-BF4B-00C04F79EFBC}") = "TowerOfHanoi", "TowerOfHanoi\TowerOfHanoi.csproj", "{68FA74D9-9142-44B8-BE5A-00F0BB4FDDDA}"
EndProject
Project("{FAE04EC0-301F-11D3-BF4B-00C04F79EFBC}") = "TowerOfHanoiTestCases", "TowerOfHanoiTestCases\TowerOfHanoiTestCases.csproj", "{FAAE4DEF-A118-4EA6-8A91-53D3EA7214BB}"
EndProject
Global
	GlobalSection(SolutionConfigurationPlatforms) = preSolution
		Debug|Any CPU = Debug|Any CPU
		Release|Any CPU = Release|Any CPU
	EndGlobalSection
	GlobalSection(ProjectConfigurationPlatforms) = postSolution
		{68FA74D9-9142-44B8-BE5A-00F0BB4FDDDA}.Debug|Any CPU.ActiveCfg = Debug|Any CPU
		{68FA74D9-9142-44B8-BE5A-00F0BB4FDDDA}.Debug|Any CPU.Build.0 = Debug|Any CPU
		{68FA74D9-9142-44B8-BE5A-00F0BB4FDDDA}.Release|Any CPU.ActiveCfg = Release|Any CPU
		{68FA74D9-9142-44B8-BE5A-00F0BB4FDDDA}.Release|Any CPU.Build.0 = Release|Any CPU
		{FAAE4DEF-A118-4EA6-8A91-53D3EA7214BB}.Debug|Any CPU.ActiveCfg = Debug|Any CPU
		{FAAE4DEF-A118-4EA6-8A91-53D3EA7214BB}.Debug|Any CPU.Build.0 = Debug|Any CPU
		{FAAE4DEF-A118-4EA6-8A91-53D3EA7214BB}.Release|Any CPU.ActiveCfg = Release|Any CPU
		{FAAE4DEF-A118-4EA6-8A91-53D3EA7214BB}.Release|Any CPU.Build.0 = Release|Any CPU
	EndGlobalSection
	GlobalSection(SolutionProperties) = preSolution
		HideSolutionNode = FALSE
	EndGlobalSection
	GlobalSection(ExtensibilityGlobals) = postSolution
		SolutionGuid = {293FA7E7-FA5E-4918-89E6-D1D193FCE1F8}
	EndGlobalSection
EndGlobal
